
Microsoft Visual Studio Solution File, Format Version 12.00
# Visual Studio Version 17
VisualStudioVersion = 17.3.32901.215
MinimumVisualStudioVersion = 10.0.40219.1
Project("{FAE04EC0-301F-11D3-BF4B-00C04F79EFBC}") = "WindowsFormsApp10", "WindowsFormsApp10.csproj", "{257FACEE-BBBE-4EE0-A948-7516977B923E}"
EndProject
Global
	GlobalSection(SolutionConfigurationPlatforms) = preSolution
		Debug|Any CPU = Debug|Any CPU
		Release|Any CPU = Release|Any CPU
	EndGlobalSection
	GlobalSection(ProjectConfigurationPlatforms) = postSolution
		{257FACEE-BBBE-4EE0-A948-7516977B923E}.Debug|Any CPU.ActiveCfg = Debug|Any CPU
		{257FACEE-BBBE-4EE0-A948-7516977B923E}.Debug|Any CPU.Build.0 = Debug|Any CPU
		{257FACEE-BBBE-4EE0-A948-7516977B923E}.Release|Any CPU.ActiveCfg = Release|Any CPU
		{257FACEE-BBBE-4EE0-A948-7516977B923E}.Release|Any CPU.Build.0 = Release|Any CPU
	EndGlobalSection
	GlobalSection(SolutionProperties) = preSolution
		HideSolutionNode = FALSE
	EndGlobalSection
	GlobalSection(ExtensibilityGlobals) = postSolution
		SolutionGuid = {9DE458E7-EECA-4F59-ABDE-684D70482468}
	EndGlobalSection
EndGlobal
