
Microsoft Visual Studio Solution File, Format Version 12.00
# Visual Studio Version 17
VisualStudioVersion = 17.3.32901.215
MinimumVisualStudioVersion = 10.0.40219.1
Project("{FAE04EC0-301F-11D3-BF4B-00C04F79EFBC}") = "WindowsFormsApp19", "WindowsFormsApp19.csproj", "{9CB5554E-36B8-4274-BBB3-8E27BC890868}"
EndProject
Global
	GlobalSection(SolutionConfigurationPlatforms) = preSolution
		Debug|Any CPU = Debug|Any CPU
		Release|Any CPU = Release|Any CPU
	EndGlobalSection
	GlobalSection(ProjectConfigurationPlatforms) = postSolution
		{9CB5554E-36B8-4274-BBB3-8E27BC890868}.Debug|Any CPU.ActiveCfg = Debug|Any CPU
		{9CB5554E-36B8-4274-BBB3-8E27BC890868}.Debug|Any CPU.Build.0 = Debug|Any CPU
		{9CB5554E-36B8-4274-BBB3-8E27BC890868}.Release|Any CPU.ActiveCfg = Release|Any CPU
		{9CB5554E-36B8-4274-BBB3-8E27BC890868}.Release|Any CPU.Build.0 = Release|Any CPU
	EndGlobalSection
	GlobalSection(SolutionProperties) = preSolution
		HideSolutionNode = FALSE
	EndGlobalSection
	GlobalSection(ExtensibilityGlobals) = postSolution
		SolutionGuid = {F8E6F1CB-5D99-4BDD-80B3-2E909B7F2982}
	EndGlobalSection
EndGlobal
