
Microsoft Visual Studio Solution File, Format Version 12.00
# Visual Studio Version 17
VisualStudioVersion = 17.3.32901.215
MinimumVisualStudioVersion = 10.0.40219.1
Project("{FAE04EC0-301F-11D3-BF4B-00C04F79EFBC}") = "WinFormsApp14", "WinFormsApp14.csproj", "{938A8796-AA49-4A31-B254-32D780E05BDC}"
EndProject
Global
	GlobalSection(SolutionConfigurationPlatforms) = preSolution
		Debug|Any CPU = Debug|Any CPU
		Release|Any CPU = Release|Any CPU
	EndGlobalSection
	GlobalSection(ProjectConfigurationPlatforms) = postSolution
		{938A8796-AA49-4A31-B254-32D780E05BDC}.Debug|Any CPU.ActiveCfg = Debug|Any CPU
		{938A8796-AA49-4A31-B254-32D780E05BDC}.Debug|Any CPU.Build.0 = Debug|Any CPU
		{938A8796-AA49-4A31-B254-32D780E05BDC}.Release|Any CPU.ActiveCfg = Release|Any CPU
		{938A8796-AA49-4A31-B254-32D780E05BDC}.Release|Any CPU.Build.0 = Release|Any CPU
	EndGlobalSection
	GlobalSection(SolutionProperties) = preSolution
		HideSolutionNode = FALSE
	EndGlobalSection
	GlobalSection(ExtensibilityGlobals) = postSolution
		SolutionGuid = {B5D0DBB7-46CA-4F40-B96A-1CA74449EAD7}
	EndGlobalSection
EndGlobal
